// !$*UTF8*$!
{
	archiveVersion = 1;
	classes = {
	};
	objectVersion = 56;
	objects = {

/* Begin PBXBuildFile section */
		65C68BDB2A89F18900ED0C2F /* CommitCheckMenuBarAppApp.swift in Sources */ = {isa = PBXBuildFile; fileRef = 65C68BDA2A89F18900ED0C2F /* CommitCheckMenuBarAppApp.swift */; };
		65C68BDD2A89F18900ED0C2F /* ContentView.swift in Sources */ = {isa = PBXBuildFile; fileRef = 65C68BDC2A89F18900ED0C2F /* ContentView.swift */; };
		65C68BDF2A89F18A00ED0C2F /* Assets.xcassets in Resources */ = {isa = PBXBuildFile; fileRef = 65C68BDE2A89F18A00ED0C2F /* Assets.xcassets */; };
		65C68BE22A89F18A00ED0C2F /* Preview Assets.xcassets in Resources */ = {isa = PBXBuildFile; fileRef = 65C68BE12A89F18A00ED0C2F /* Preview Assets.xcassets */; };
		65C68C092A89FAC300ED0C2F /* Home.swift in Sources */ = {isa = PBXBuildFile; fileRef = 65C68C082A89FAC300ED0C2F /* Home.swift */; };
		65C68C0B2A8A0A3700ED0C2F /* HomeViewModel.swift in Sources */ = {isa = PBXBuildFile; fileRef = 65C68C0A2A8A0A3700ED0C2F /* HomeViewModel.swift */; };
		65C68C0F2A8A1FA700ED0C2F /* Alamofire in Frameworks */ = {isa = PBXBuildFile; productRef = 65C68C0E2A8A1FA700ED0C2F /* Alamofire */; };
		65C68CC32A8B548D00ED0C2F /* SwiftSoup in Frameworks */ = {isa = PBXBuildFile; productRef = 65C68CC22A8B548D00ED0C2F /* SwiftSoup */; };
		65C68D172A8F463000ED0C2F /* PartialSansKR-Regular.otf in CopyFiles */ = {isa = PBXBuildFile; fileRef = 65C68D152A8F45E300ED0C2F /* PartialSansKR-Regular.otf */; };
		65D71BCD2A9224C80080877D /* Commit.swift in Sources */ = {isa = PBXBuildFile; fileRef = 65D71BCC2A9224C80080877D /* Commit.swift */; };
		65D71BD32A93460F0080877D /* UserDefaultsSetting.swift in Sources */ = {isa = PBXBuildFile; fileRef = 65D71BD12A93460F0080877D /* UserDefaultsSetting.swift */; };
		65D71BD42A93460F0080877D /* UserDefaultsWrapper.swift in Sources */ = {isa = PBXBuildFile; fileRef = 65D71BD22A93460F0080877D /* UserDefaultsWrapper.swift */; };
/* End PBXBuildFile section */

/* Begin PBXContainerItemProxy section */
		65C68BE92A89F18A00ED0C2F /* PBXContainerItemProxy */ = {
			isa = PBXContainerItemProxy;
			containerPortal = 65C68BCF2A89F18900ED0C2F /* Project object */;
			proxyType = 1;
			remoteGlobalIDString = 65C68BD62A89F18900ED0C2F;
			remoteInfo = CommitCheckMenuBarApp;
		};
		65C68BF32A89F18A00ED0C2F /* PBXContainerItemProxy */ = {
			isa = PBXContainerItemProxy;
			containerPortal = 65C68BCF2A89F18900ED0C2F /* Project object */;
			proxyType = 1;
			remoteGlobalIDString = 65C68BD62A89F18900ED0C2F;
			remoteInfo = CommitCheckMenuBarApp;
		};
/* End PBXContainerItemProxy section */

/* Begin PBXCopyFilesBuildPhase section */
		65C68D162A8F461A00ED0C2F /* CopyFiles */ = {
			isa = PBXCopyFilesBuildPhase;
			buildActionMask = 2147483647;
			dstPath = Fonts;
			dstSubfolderSpec = 7;
			files = (
				65C68D172A8F463000ED0C2F /* PartialSansKR-Regular.otf in CopyFiles */,
			);
			runOnlyForDeploymentPostprocessing = 0;
		};
/* End PBXCopyFilesBuildPhase section */

/* Begin PBXFileReference section */
		65C68BD72A89F18900ED0C2F /* CommitCheckMenuBarApp.app */ = {isa = PBXFileReference; explicitFileType = wrapper.application; includeInIndex = 0; path = CommitCheckMenuBarApp.app; sourceTree = BUILT_PRODUCTS_DIR; };
		65C68BDA2A89F18900ED0C2F /* CommitCheckMenuBarAppApp.swift */ = {isa = PBXFileReference; lastKnownFileType = sourcecode.swift; path = CommitCheckMenuBarAppApp.swift; sourceTree = "<group>"; };
		65C68BDC2A89F18900ED0C2F /* ContentView.swift */ = {isa = PBXFileReference; lastKnownFileType = sourcecode.swift; path = ContentView.swift; sourceTree = "<group>"; };
		65C68BDE2A89F18A00ED0C2F /* Assets.xcassets */ = {isa = PBXFileReference; lastKnownFileType = folder.assetcatalog; path = Assets.xcassets; sourceTree = "<group>"; };
		65C68BE12A89F18A00ED0C2F /* Preview Assets.xcassets */ = {isa = PBXFileReference; lastKnownFileType = folder.assetcatalog; path = "Preview Assets.xcassets"; sourceTree = "<group>"; };
		65C68BE32A89F18A00ED0C2F /* CommitCheckMenuBarApp.entitlements */ = {isa = PBXFileReference; lastKnownFileType = text.plist.entitlements; path = CommitCheckMenuBarApp.entitlements; sourceTree = "<group>"; };
		65C68BE82A89F18A00ED0C2F /* CommitCheckMenuBarAppTests.xctest */ = {isa = PBXFileReference; explicitFileType = wrapper.cfbundle; includeInIndex = 0; path = CommitCheckMenuBarAppTests.xctest; sourceTree = BUILT_PRODUCTS_DIR; };
		65C68BF22A89F18A00ED0C2F /* CommitCheckMenuBarAppUITests.xctest */ = {isa = PBXFileReference; explicitFileType = wrapper.cfbundle; includeInIndex = 0; path = CommitCheckMenuBarAppUITests.xctest; sourceTree = BUILT_PRODUCTS_DIR; };
		65C68C082A89FAC300ED0C2F /* Home.swift */ = {isa = PBXFileReference; lastKnownFileType = sourcecode.swift; path = Home.swift; sourceTree = "<group>"; };
		65C68C0A2A8A0A3700ED0C2F /* HomeViewModel.swift */ = {isa = PBXFileReference; lastKnownFileType = sourcecode.swift; path = HomeViewModel.swift; sourceTree = "<group>"; };
		65C68C0C2A8A0BA200ED0C2F /* Info.plist */ = {isa = PBXFileReference; lastKnownFileType = text.plist; path = Info.plist; sourceTree = "<group>"; };
		65C68D152A8F45E300ED0C2F /* PartialSansKR-Regular.otf */ = {isa = PBXFileReference; lastKnownFileType = file; path = "PartialSansKR-Regular.otf"; sourceTree = "<group>"; };
		65D71BCC2A9224C80080877D /* Commit.swift */ = {isa = PBXFileReference; lastKnownFileType = sourcecode.swift; path = Commit.swift; sourceTree = "<group>"; };
		65D71BD12A93460F0080877D /* UserDefaultsSetting.swift */ = {isa = PBXFileReference; fileEncoding = 4; lastKnownFileType = sourcecode.swift; path = UserDefaultsSetting.swift; sourceTree = "<group>"; };
		65D71BD22A93460F0080877D /* UserDefaultsWrapper.swift */ = {isa = PBXFileReference; fileEncoding = 4; lastKnownFileType = sourcecode.swift; path = UserDefaultsWrapper.swift; sourceTree = "<group>"; };
/* End PBXFileReference section */

/* Begin PBXFrameworksBuildPhase section */
		65C68BD42A89F18900ED0C2F /* Frameworks */ = {
			isa = PBXFrameworksBuildPhase;
			buildActionMask = 2147483647;
			files = (
				65C68C0F2A8A1FA700ED0C2F /* Alamofire in Frameworks */,
				65C68CC32A8B548D00ED0C2F /* SwiftSoup in Frameworks */,
			);
			runOnlyForDeploymentPostprocessing = 0;
		};
		65C68BE52A89F18A00ED0C2F /* Frameworks */ = {
			isa = PBXFrameworksBuildPhase;
			buildActionMask = 2147483647;
			files = (
			);
			runOnlyForDeploymentPostprocessing = 0;
		};
		65C68BEF2A89F18A00ED0C2F /* Frameworks */ = {
			isa = PBXFrameworksBuildPhase;
			buildActionMask = 2147483647;
			files = (
			);
			runOnlyForDeploymentPostprocessing = 0;
		};
/* End PBXFrameworksBuildPhase section */

/* Begin PBXGroup section */
		65C68BCE2A89F18900ED0C2F = {
			isa = PBXGroup;
			children = (
				65C68BD92A89F18900ED0C2F /* CommitCheckMenuBarApp */,
				65C68BD82A89F18900ED0C2F /* Products */,
			);
			sourceTree = "<group>";
		};
		65C68BD82A89F18900ED0C2F /* Products */ = {
			isa = PBXGroup;
			children = (
				65C68BD72A89F18900ED0C2F /* CommitCheckMenuBarApp.app */,
				65C68BE82A89F18A00ED0C2F /* CommitCheckMenuBarAppTests.xctest */,
				65C68BF22A89F18A00ED0C2F /* CommitCheckMenuBarAppUITests.xctest */,
			);
			name = Products;
			sourceTree = "<group>";
		};
		65C68BD92A89F18900ED0C2F /* CommitCheckMenuBarApp */ = {
			isa = PBXGroup;
			children = (
				65C68D142A8F45D200ED0C2F /* Fonts */,
				65C68C0C2A8A0BA200ED0C2F /* Info.plist */,
				65C68C072A89F5A200ED0C2F /* Model */,
				65C68C062A89F59600ED0C2F /* ViewModel */,
				65C68C052A89F59200ED0C2F /* View */,
				65C68BDA2A89F18900ED0C2F /* CommitCheckMenuBarAppApp.swift */,
				65C68BDC2A89F18900ED0C2F /* ContentView.swift */,
				65D71BD12A93460F0080877D /* UserDefaultsSetting.swift */,
				65D71BD22A93460F0080877D /* UserDefaultsWrapper.swift */,
				65C68BDE2A89F18A00ED0C2F /* Assets.xcassets */,
				65C68BE32A89F18A00ED0C2F /* CommitCheckMenuBarApp.entitlements */,
				65C68BE02A89F18A00ED0C2F /* Preview Content */,
			);
			path = CommitCheckMenuBarApp;
			sourceTree = "<group>";
		};
		65C68BE02A89F18A00ED0C2F /* Preview Content */ = {
			isa = PBXGroup;
			children = (
				65C68BE12A89F18A00ED0C2F /* Preview Assets.xcassets */,
			);
			path = "Preview Content";
			sourceTree = "<group>";
		};
		65C68C052A89F59200ED0C2F /* View */ = {
			isa = PBXGroup;
			children = (
				65C68C082A89FAC300ED0C2F /* Home.swift */,
			);
			path = View;
			sourceTree = "<group>";
		};
		65C68C062A89F59600ED0C2F /* ViewModel */ = {
			isa = PBXGroup;
			children = (
				65C68C0A2A8A0A3700ED0C2F /* HomeViewModel.swift */,
			);
			path = ViewModel;
			sourceTree = "<group>";
		};
		65C68C072A89F5A200ED0C2F /* Model */ = {
			isa = PBXGroup;
			children = (
				65D71BCC2A9224C80080877D /* Commit.swift */,
			);
			path = Model;
			sourceTree = "<group>";
		};
		65C68D142A8F45D200ED0C2F /* Fonts */ = {
			isa = PBXGroup;
			children = (
				65C68D152A8F45E300ED0C2F /* PartialSansKR-Regular.otf */,
			);
			path = Fonts;
			sourceTree = "<group>";
		};
/* End PBXGroup section */

/* Begin PBXNativeTarget section */
		65C68BD62A89F18900ED0C2F /* CommitCheckMenuBarApp */ = {
			isa = PBXNativeTarget;
			buildConfigurationList = 65C68BFC2A89F18A00ED0C2F /* Build configuration list for PBXNativeTarget "CommitCheckMenuBarApp" */;
			buildPhases = (
				65C68BD32A89F18900ED0C2F /* Sources */,
				65C68BD42A89F18900ED0C2F /* Frameworks */,
				65C68BD52A89F18900ED0C2F /* Resources */,
				65C68D162A8F461A00ED0C2F /* CopyFiles */,
			);
			buildRules = (
			);
			dependencies = (
			);
			name = CommitCheckMenuBarApp;
			packageProductDependencies = (
				65C68C0E2A8A1FA700ED0C2F /* Alamofire */,
				65C68CC22A8B548D00ED0C2F /* SwiftSoup */,
			);
			productName = CommitCheckMenuBarApp;
			productReference = 65C68BD72A89F18900ED0C2F /* CommitCheckMenuBarApp.app */;
			productType = "com.apple.product-type.application";
		};
		65C68BE72A89F18A00ED0C2F /* CommitCheckMenuBarAppTests */ = {
			isa = PBXNativeTarget;
			buildConfigurationList = 65C68BFF2A89F18A00ED0C2F /* Build configuration list for PBXNativeTarget "CommitCheckMenuBarAppTests" */;
			buildPhases = (
				65C68BE42A89F18A00ED0C2F /* Sources */,
				65C68BE52A89F18A00ED0C2F /* Frameworks */,
				65C68BE62A89F18A00ED0C2F /* Resources */,
			);
			buildRules = (
			);
			dependencies = (
				65C68BEA2A89F18A00ED0C2F /* PBXTargetDependency */,
			);
			name = CommitCheckMenuBarAppTests;
			productName = CommitCheckMenuBarAppTests;
			productReference = 65C68BE82A89F18A00ED0C2F /* CommitCheckMenuBarAppTests.xctest */;
			productType = "com.apple.product-type.bundle.unit-test";
		};
		65C68BF12A89F18A00ED0C2F /* CommitCheckMenuBarAppUITests */ = {
			isa = PBXNativeTarget;
			buildConfigurationList = 65C68C022A89F18A00ED0C2F /* Build configuration list for PBXNativeTarget "CommitCheckMenuBarAppUITests" */;
			buildPhases = (
				65C68BEE2A89F18A00ED0C2F /* Sources */,
				65C68BEF2A89F18A00ED0C2F /* Frameworks */,
				65C68BF02A89F18A00ED0C2F /* Resources */,
			);
			buildRules = (
			);
			dependencies = (
				65C68BF42A89F18A00ED0C2F /* PBXTargetDependency */,
			);
			name = CommitCheckMenuBarAppUITests;
			productName = CommitCheckMenuBarAppUITests;
			productReference = 65C68BF22A89F18A00ED0C2F /* CommitCheckMenuBarAppUITests.xctest */;
			productType = "com.apple.product-type.bundle.ui-testing";
		};
/* End PBXNativeTarget section */

/* Begin PBXProject section */
		65C68BCF2A89F18900ED0C2F /* Project object */ = {
			isa = PBXProject;
			attributes = {
				BuildIndependentTargetsInParallel = 1;
				LastSwiftUpdateCheck = 1430;
				LastUpgradeCheck = 1430;
				TargetAttributes = {
					65C68BD62A89F18900ED0C2F = {
						CreatedOnToolsVersion = 14.3;
					};
					65C68BE72A89F18A00ED0C2F = {
						CreatedOnToolsVersion = 14.3;
						TestTargetID = 65C68BD62A89F18900ED0C2F;
					};
					65C68BF12A89F18A00ED0C2F = {
						CreatedOnToolsVersion = 14.3;
						TestTargetID = 65C68BD62A89F18900ED0C2F;
					};
				};
			};
			buildConfigurationList = 65C68BD22A89F18900ED0C2F /* Build configuration list for PBXProject "CommitCheckMenuBarApp" */;
			compatibilityVersion = "Xcode 14.0";
			developmentRegion = en;
			hasScannedForEncodings = 0;
			knownRegions = (
				en,
				Base,
			);
			mainGroup = 65C68BCE2A89F18900ED0C2F;
			packageReferences = (
				65C68C0D2A8A1FA700ED0C2F /* XCRemoteSwiftPackageReference "Alamofire" */,
				65C68CC12A8B548D00ED0C2F /* XCRemoteSwiftPackageReference "SwiftSoup" */,
			);
			productRefGroup = 65C68BD82A89F18900ED0C2F /* Products */;
			projectDirPath = "";
			projectRoot = "";
			targets = (
				65C68BD62A89F18900ED0C2F /* CommitCheckMenuBarApp */,
				65C68BE72A89F18A00ED0C2F /* CommitCheckMenuBarAppTests */,
				65C68BF12A89F18A00ED0C2F /* CommitCheckMenuBarAppUITests */,
			);
		};
/* End PBXProject section */

/* Begin PBXResourcesBuildPhase section */
		65C68BD52A89F18900ED0C2F /* Resources */ = {
			isa = PBXResourcesBuildPhase;
			buildActionMask = 2147483647;
			files = (
				65C68BE22A89F18A00ED0C2F /* Preview Assets.xcassets in Resources */,
				65C68BDF2A89F18A00ED0C2F /* Assets.xcassets in Resources */,
			);
			runOnlyForDeploymentPostprocessing = 0;
		};
		65C68BE62A89F18A00ED0C2F /* Resources */ = {
			isa = PBXResourcesBuildPhase;
			buildActionMask = 2147483647;
			files = (
			);
			runOnlyForDeploymentPostprocessing = 0;
		};
		65C68BF02A89F18A00ED0C2F /* Resources */ = {
			isa = PBXResourcesBuildPhase;
			buildActionMask = 2147483647;
			files = (
			);
			runOnlyForDeploymentPostprocessing = 0;
		};
/* End PBXResourcesBuildPhase section */

/* Begin PBXSourcesBuildPhase section */
		65C68BD32A89F18900ED0C2F /* Sources */ = {
			isa = PBXSourcesBuildPhase;
			buildActionMask = 2147483647;
			files = (
				65D71BD42A93460F0080877D /* UserDefaultsWrapper.swift in Sources */,
				65D71BD32A93460F0080877D /* UserDefaultsSetting.swift in Sources */,
				65C68BDD2A89F18900ED0C2F /* ContentView.swift in Sources */,
				65D71BCD2A9224C80080877D /* Commit.swift in Sources */,
				65C68C092A89FAC300ED0C2F /* Home.swift in Sources */,
				65C68BDB2A89F18900ED0C2F /* CommitCheckMenuBarAppApp.swift in Sources */,
				65C68C0B2A8A0A3700ED0C2F /* HomeViewModel.swift in Sources */,
			);
			runOnlyForDeploymentPostprocessing = 0;
		};
		65C68BE42A89F18A00ED0C2F /* Sources */ = {
			isa = PBXSourcesBuildPhase;
			buildActionMask = 2147483647;
			files = (
			);
			runOnlyForDeploymentPostprocessing = 0;
		};
		65C68BEE2A89F18A00ED0C2F /* Sources */ = {
			isa = PBXSourcesBuildPhase;
			buildActionMask = 2147483647;
			files = (
			);
			runOnlyForDeploymentPostprocessing = 0;
		};
/* End PBXSourcesBuildPhase section */

/* Begin PBXTargetDependency section */
		65C68BEA2A89F18A00ED0C2F /* PBXTargetDependency */ = {
			isa = PBXTargetDependency;
			target = 65C68BD62A89F18900ED0C2F /* CommitCheckMenuBarApp */;
			targetProxy = 65C68BE92A89F18A00ED0C2F /* PBXContainerItemProxy */;
		};
		65C68BF42A89F18A00ED0C2F /* PBXTargetDependency */ = {
			isa = PBXTargetDependency;
			target = 65C68BD62A89F18900ED0C2F /* CommitCheckMenuBarApp */;
			targetProxy = 65C68BF32A89F18A00ED0C2F /* PBXContainerItemProxy */;
		};
/* End PBXTargetDependency section */

/* Begin XCBuildConfiguration section */
		65C68BFA2A89F18A00ED0C2F /* Debug */ = {
			isa = XCBuildConfiguration;
			buildSettings = {
				ALWAYS_SEARCH_USER_PATHS = NO;
				CLANG_ANALYZER_NONNULL = YES;
				CLANG_ANALYZER_NUMBER_OBJECT_CONVERSION = YES_AGGRESSIVE;
				CLANG_CXX_LANGUAGE_STANDARD = "gnu++20";
				CLANG_ENABLE_MODULES = YES;
				CLANG_ENABLE_OBJC_ARC = YES;
				CLANG_ENABLE_OBJC_WEAK = YES;
				CLANG_WARN_BLOCK_CAPTURE_AUTORELEASING = YES;
				CLANG_WARN_BOOL_CONVERSION = YES;
				CLANG_WARN_COMMA = YES;
				CLANG_WARN_CONSTANT_CONVERSION = YES;
				CLANG_WARN_DEPRECATED_OBJC_IMPLEMENTATIONS = YES;
				CLANG_WARN_DIRECT_OBJC_ISA_USAGE = YES_ERROR;
				CLANG_WARN_DOCUMENTATION_COMMENTS = YES;
				CLANG_WARN_EMPTY_BODY = YES;
				CLANG_WARN_ENUM_CONVERSION = YES;
				CLANG_WARN_INFINITE_RECURSION = YES;
				CLANG_WARN_INT_CONVERSION = YES;
				CLANG_WARN_NON_LITERAL_NULL_CONVERSION = YES;
				CLANG_WARN_OBJC_IMPLICIT_RETAIN_SELF = YES;
				CLANG_WARN_OBJC_LITERAL_CONVERSION = YES;
				CLANG_WARN_OBJC_ROOT_CLASS = YES_ERROR;
				CLANG_WARN_QUOTED_INCLUDE_IN_FRAMEWORK_HEADER = YES;
				CLANG_WARN_RANGE_LOOP_ANALYSIS = YES;
				CLANG_WARN_STRICT_PROTOTYPES = YES;
				CLANG_WARN_SUSPICIOUS_MOVE = YES;
				CLANG_WARN_UNGUARDED_AVAILABILITY = YES_AGGRESSIVE;
				CLANG_WARN_UNREACHABLE_CODE = YES;
				CLANG_WARN__DUPLICATE_METHOD_MATCH = YES;
				COPY_PHASE_STRIP = NO;
				DEBUG_INFORMATION_FORMAT = dwarf;
				ENABLE_STRICT_OBJC_MSGSEND = YES;
				ENABLE_TESTABILITY = YES;
				GCC_C_LANGUAGE_STANDARD = gnu11;
				GCC_DYNAMIC_NO_PIC = NO;
				GCC_NO_COMMON_BLOCKS = YES;
				GCC_OPTIMIZATION_LEVEL = 0;
				GCC_PREPROCESSOR_DEFINITIONS = (
					"DEBUG=1",
					"$(inherited)",
				);
				GCC_WARN_64_TO_32_BIT_CONVERSION = YES;
				GCC_WARN_ABOUT_RETURN_TYPE = YES_ERROR;
				GCC_WARN_UNDECLARED_SELECTOR = YES;
				GCC_WARN_UNINITIALIZED_AUTOS = YES_AGGRESSIVE;
				GCC_WARN_UNUSED_FUNCTION = YES;
				GCC_WARN_UNUSED_VARIABLE = YES;
				MACOSX_DEPLOYMENT_TARGET = 13.0;
				MTL_ENABLE_DEBUG_INFO = INCLUDE_SOURCE;
				MTL_FAST_MATH = YES;
				ONLY_ACTIVE_ARCH = YES;
				SDKROOT = macosx;
				SWIFT_ACTIVE_COMPILATION_CONDITIONS = DEBUG;
				SWIFT_OPTIMIZATION_LEVEL = "-Onone";
			};
			name = Debug;
		};
		65C68BFB2A89F18A00ED0C2F /* Release */ = {
			isa = XCBuildConfiguration;
			buildSettings = {
				ALWAYS_SEARCH_USER_PATHS = NO;
				CLANG_ANALYZER_NONNULL = YES;
				CLANG_ANALYZER_NUMBER_OBJECT_CONVERSION = YES_AGGRESSIVE;
				CLANG_CXX_LANGUAGE_STANDARD = "gnu++20";
				CLANG_ENABLE_MODULES = YES;
				CLANG_ENABLE_OBJC_ARC = YES;
				CLANG_ENABLE_OBJC_WEAK = YES;
				CLANG_WARN_BLOCK_CAPTURE_AUTORELEASING = YES;
				CLANG_WARN_BOOL_CONVERSION = YES;
				CLANG_WARN_COMMA = YES;
				CLANG_WARN_CONSTANT_CONVERSION = YES;
				CLANG_WARN_DEPRECATED_OBJC_IMPLEMENTATIONS = YES;
				CLANG_WARN_DIRECT_OBJC_ISA_USAGE = YES_ERROR;
				CLANG_WARN_DOCUMENTATION_COMMENTS = YES;
				CLANG_WARN_EMPTY_BODY = YES;
				CLANG_WARN_ENUM_CONVERSION = YES;
				CLANG_WARN_INFINITE_RECURSION = YES;
				CLANG_WARN_INT_CONVERSION = YES;
				CLANG_WARN_NON_LITERAL_NULL_CONVERSION = YES;
				CLANG_WARN_OBJC_IMPLICIT_RETAIN_SELF = YES;
				CLANG_WARN_OBJC_LITERAL_CONVERSION = YES;
				CLANG_WARN_OBJC_ROOT_CLASS = YES_ERROR;
				CLANG_WARN_QUOTED_INCLUDE_IN_FRAMEWORK_HEADER = YES;
				CLANG_WARN_RANGE_LOOP_ANALYSIS = YES;
				CLANG_WARN_STRICT_PROTOTYPES = YES;
				CLANG_WARN_SUSPICIOUS_MOVE = YES;
				CLANG_WARN_UNGUARDED_AVAILABILITY = YES_AGGRESSIVE;
				CLANG_WARN_UNREACHABLE_CODE = YES;
				CLANG_WARN__DUPLICATE_METHOD_MATCH = YES;
				COPY_PHASE_STRIP = NO;
				DEBUG_INFORMATION_FORMAT = "dwarf-with-dsym";
				ENABLE_NS_ASSERTIONS = NO;
				ENABLE_STRICT_OBJC_MSGSEND = YES;
				GCC_C_LANGUAGE_STANDARD = gnu11;
				GCC_NO_COMMON_BLOCKS = YES;
				GCC_WARN_64_TO_32_BIT_CONVERSION = YES;
				GCC_WARN_ABOUT_RETURN_TYPE = YES_ERROR;
				GCC_WARN_UNDECLARED_SELECTOR = YES;
				GCC_WARN_UNINITIALIZED_AUTOS = YES_AGGRESSIVE;
				GCC_WARN_UNUSED_FUNCTION = YES;
				GCC_WARN_UNUSED_VARIABLE = YES;
				MACOSX_DEPLOYMENT_TARGET = 13.0;
				MTL_ENABLE_DEBUG_INFO = NO;
				MTL_FAST_MATH = YES;
				SDKROOT = macosx;
				SWIFT_COMPILATION_MODE = wholemodule;
				SWIFT_OPTIMIZATION_LEVEL = "-O";
			};
			name = Release;
		};
		65C68BFD2A89F18A00ED0C2F /* Debug */ = {
			isa = XCBuildConfiguration;
			buildSettings = {
				ASSETCATALOG_COMPILER_APPICON_NAME = AppIcon;
				ASSETCATALOG_COMPILER_GLOBAL_ACCENT_COLOR_NAME = AccentColor;
				CODE_SIGN_ENTITLEMENTS = CommitCheckMenuBarApp/CommitCheckMenuBarApp.entitlements;
				CODE_SIGN_STYLE = Automatic;
				COMBINE_HIDPI_IMAGES = YES;
				CURRENT_PROJECT_VERSION = 1;
				DEVELOPMENT_ASSET_PATHS = "\"CommitCheckMenuBarApp/Preview Content\"";
				ENABLE_PREVIEWS = YES;
				GENERATE_INFOPLIST_FILE = YES;
				INFOPLIST_FILE = CommitCheckMenuBarApp/Info.plist;
				INFOPLIST_KEY_LSUIElement = YES;
				INFOPLIST_KEY_NSHumanReadableCopyright = "";
				LD_RUNPATH_SEARCH_PATHS = (
					"$(inherited)",
					"@executable_path/../Frameworks",
				);
				MARKETING_VERSION = 1.0;
				PRODUCT_BUNDLE_IDENTIFIER = ungchun.CommitCheckMenuBarApp;
				PRODUCT_NAME = "$(TARGET_NAME)";
				SWIFT_EMIT_LOC_STRINGS = YES;
				SWIFT_VERSION = 5.0;
			};
			name = Debug;
		};
		65C68BFE2A89F18A00ED0C2F /* Release */ = {
			isa = XCBuildConfiguration;
			buildSettings = {
				ASSETCATALOG_COMPILER_APPICON_NAME = AppIcon;
				ASSETCATALOG_COMPILER_GLOBAL_ACCENT_COLOR_NAME = AccentColor;
				CODE_SIGN_ENTITLEMENTS = CommitCheckMenuBarApp/CommitCheckMenuBarApp.entitlements;
				CODE_SIGN_STYLE = Automatic;
				COMBINE_HIDPI_IMAGES = YES;
				CURRENT_PROJECT_VERSION = 1;
				DEVELOPMENT_ASSET_PATHS = "\"CommitCheckMenuBarApp/Preview Content\"";
				ENABLE_PREVIEWS = YES;
				GENERATE_INFOPLIST_FILE = YES;
				INFOPLIST_FILE = CommitCheckMenuBarApp/Info.plist;
				INFOPLIST_KEY_LSUIElement = YES;
				INFOPLIST_KEY_NSHumanReadableCopyright = "";
				LD_RUNPATH_SEARCH_PATHS = (
					"$(inherited)",
					"@executable_path/../Frameworks",
				);
				MARKETING_VERSION = 1.0;
				PRODUCT_BUNDLE_IDENTIFIER = ungchun.CommitCheckMenuBarApp;
				PRODUCT_NAME = "$(TARGET_NAME)";
				SWIFT_EMIT_LOC_STRINGS = YES;
				SWIFT_VERSION = 5.0;
			};
			name = Release;
		};
		65C68C002A89F18A00ED0C2F /* Debug */ = {
			isa = XCBuildConfiguration;
			buildSettings = {
				ALWAYS_EMBED_SWIFT_STANDARD_LIBRARIES = YES;
				BUNDLE_LOADER = "$(TEST_HOST)";
				CODE_SIGN_STYLE = Automatic;
				CURRENT_PROJECT_VERSION = 1;
				GENERATE_INFOPLIST_FILE = YES;
				MACOSX_DEPLOYMENT_TARGET = 13.0;
				MARKETING_VERSION = 1.0;
				PRODUCT_BUNDLE_IDENTIFIER = ungchun.CommitCheckMenuBarAppTests;
				PRODUCT_NAME = "$(TARGET_NAME)";
				SWIFT_EMIT_LOC_STRINGS = NO;
				SWIFT_VERSION = 5.0;
				TEST_HOST = "$(BUILT_PRODUCTS_DIR)/CommitCheckMenuBarApp.app/$(BUNDLE_EXECUTABLE_FOLDER_PATH)/CommitCheckMenuBarApp";
			};
			name = Debug;
		};
		65C68C012A89F18A00ED0C2F /* Release */ = {
			isa = XCBuildConfiguration;
			buildSettings = {
				ALWAYS_EMBED_SWIFT_STANDARD_LIBRARIES = YES;
				BUNDLE_LOADER = "$(TEST_HOST)";
				CODE_SIGN_STYLE = Automatic;
				CURRENT_PROJECT_VERSION = 1;
				GENERATE_INFOPLIST_FILE = YES;
				MACOSX_DEPLOYMENT_TARGET = 13.0;
				MARKETING_VERSION = 1.0;
				PRODUCT_BUNDLE_IDENTIFIER = ungchun.CommitCheckMenuBarAppTests;
				PRODUCT_NAME = "$(TARGET_NAME)";
				SWIFT_EMIT_LOC_STRINGS = NO;
				SWIFT_VERSION = 5.0;
				TEST_HOST = "$(BUILT_PRODUCTS_DIR)/CommitCheckMenuBarApp.app/$(BUNDLE_EXECUTABLE_FOLDER_PATH)/CommitCheckMenuBarApp";
			};
			name = Release;
		};
		65C68C032A89F18A00ED0C2F /* Debug */ = {
			isa = XCBuildConfiguration;
			buildSettings = {
				ALWAYS_EMBED_SWIFT_STANDARD_LIBRARIES = YES;
				CODE_SIGN_STYLE = Automatic;
				CURRENT_PROJECT_VERSION = 1;
				GENERATE_INFOPLIST_FILE = YES;
				MARKETING_VERSION = 1.0;
				PRODUCT_BUNDLE_IDENTIFIER = ungchun.CommitCheckMenuBarAppUITests;
				PRODUCT_NAME = "$(TARGET_NAME)";
				SWIFT_EMIT_LOC_STRINGS = NO;
				SWIFT_VERSION = 5.0;
				TEST_TARGET_NAME = CommitCheckMenuBarApp;
			};
			name = Debug;
		};
		65C68C042A89F18A00ED0C2F /* Release */ = {
			isa = XCBuildConfiguration;
			buildSettings = {
				ALWAYS_EMBED_SWIFT_STANDARD_LIBRARIES = YES;
				CODE_SIGN_STYLE = Automatic;
				CURRENT_PROJECT_VERSION = 1;
				GENERATE_INFOPLIST_FILE = YES;
				MARKETING_VERSION = 1.0;
				PRODUCT_BUNDLE_IDENTIFIER = ungchun.CommitCheckMenuBarAppUITests;
				PRODUCT_NAME = "$(TARGET_NAME)";
				SWIFT_EMIT_LOC_STRINGS = NO;
				SWIFT_VERSION = 5.0;
				TEST_TARGET_NAME = CommitCheckMenuBarApp;
			};
			name = Release;
		};
/* End XCBuildConfiguration section */

/* Begin XCConfigurationList section */
		65C68BD22A89F18900ED0C2F /* Build configuration list for PBXProject "CommitCheckMenuBarApp" */ = {
			isa = XCConfigurationList;
			buildConfigurations = (
				65C68BFA2A89F18A00ED0C2F /* Debug */,
				65C68BFB2A89F18A00ED0C2F /* Release */,
			);
			defaultConfigurationIsVisible = 0;
			defaultConfigurationName = Release;
		};
		65C68BFC2A89F18A00ED0C2F /* Build configuration list for PBXNativeTarget "CommitCheckMenuBarApp" */ = {
			isa = XCConfigurationList;
			buildConfigurations = (
				65C68BFD2A89F18A00ED0C2F /* Debug */,
				65C68BFE2A89F18A00ED0C2F /* Release */,
			);
			defaultConfigurationIsVisible = 0;
			defaultConfigurationName = Release;
		};
		65C68BFF2A89F18A00ED0C2F /* Build configuration list for PBXNativeTarget "CommitCheckMenuBarAppTests" */ = {
			isa = XCConfigurationList;
			buildConfigurations = (
				65C68C002A89F18A00ED0C2F /* Debug */,
				65C68C012A89F18A00ED0C2F /* Release */,
			);
			defaultConfigurationIsVisible = 0;
			defaultConfigurationName = Release;
		};
		65C68C022A89F18A00ED0C2F /* Build configuration list for PBXNativeTarget "CommitCheckMenuBarAppUITests" */ = {
			isa = XCConfigurationList;
			buildConfigurations = (
				65C68C032A89F18A00ED0C2F /* Debug */,
				65C68C042A89F18A00ED0C2F /* Release */,
			);
			defaultConfigurationIsVisible = 0;
			defaultConfigurationName = Release;
		};
/* End XCConfigurationList section */

/* Begin XCRemoteSwiftPackageReference section */
		65C68C0D2A8A1FA700ED0C2F /* XCRemoteSwiftPackageReference "Alamofire" */ = {
			isa = XCRemoteSwiftPackageReference;
			repositoryURL = "https://github.com/Alamofire/Alamofire";
			requirement = {
				kind = upToNextMajorVersion;
				minimumVersion = 5.0.0;
			};
		};
		65C68CC12A8B548D00ED0C2F /* XCRemoteSwiftPackageReference "SwiftSoup" */ = {
			isa = XCRemoteSwiftPackageReference;
			repositoryURL = "https://github.com/scinfu/SwiftSoup";
			requirement = {
				kind = upToNextMajorVersion;
				minimumVersion = 2.0.0;
			};
		};
/* End XCRemoteSwiftPackageReference section */

/* Begin XCSwiftPackageProductDependency section */
		65C68C0E2A8A1FA700ED0C2F /* Alamofire */ = {
			isa = XCSwiftPackageProductDependency;
			package = 65C68C0D2A8A1FA700ED0C2F /* XCRemoteSwiftPackageReference "Alamofire" */;
			productName = Alamofire;
		};
		65C68CC22A8B548D00ED0C2F /* SwiftSoup */ = {
			isa = XCSwiftPackageProductDependency;
			package = 65C68CC12A8B548D00ED0C2F /* XCRemoteSwiftPackageReference "SwiftSoup" */;
			productName = SwiftSoup;
		};
/* End XCSwiftPackageProductDependency section */
	};
	rootObject = 65C68BCF2A89F18900ED0C2F /* Project object */;
}
